// !$*UTF8*$!
{
	archiveVersion = 1;
	classes = {
	};
	objectVersion = 56;
	objects = {

/* Begin PBXBuildFile section */
		1F5B8DB8297F087200098B6D /* Credits.rtf in Resources */ = {isa = PBXBuildFile; fileRef = 1F5B8DB7297F087200098B6D /* Credits.rtf */; };
		1FAA913D2979BFE300AA3987 /* AppDelegate.swift in Sources */ = {isa = PBXBuildFile; fileRef = 1FAA913C2979BFE300AA3987 /* AppDelegate.swift */; };
		1FAA913F2979BFE500AA3987 /* Assets.xcassets in Resources */ = {isa = PBXBuildFile; fileRef = 1FAA913E2979BFE500AA3987 /* Assets.xcassets */; };
		1FAA91422979BFE500AA3987 /* MainMenu.xib in Resources */ = {isa = PBXBuildFile; fileRef = 1FAA91402979BFE500AA3987 /* MainMenu.xib */; };
		1FAA914D2979C3CD00AA3987 /* WindowEditorController.swift in Sources */ = {isa = PBXBuildFile; fileRef = 1FAA914B2979C3CD00AA3987 /* WindowEditorController.swift */; };
		1FAA914E2979C3CD00AA3987 /* WindowEditorController.xib in Resources */ = {isa = PBXBuildFile; fileRef = 1FAA914C2979C3CD00AA3987 /* WindowEditorController.xib */; };
		1FFA72D2299C07D3004B7A6F /* STTextView.swift in Sources */ = {isa = PBXBuildFile; fileRef = 1FFA72D1299C07D3004B7A6F /* STTextView.swift */; };
/* End PBXBuildFile section */

/* Begin PBXFileReference section */
		1F5B8DB7297F087200098B6D /* Credits.rtf */ = {isa = PBXFileReference; lastKnownFileType = text.rtf; path = Credits.rtf; sourceTree = "<group>"; };
		1FAA91392979BFE300AA3987 /* SimpleText.app */ = {isa = PBXFileReference; explicitFileType = wrapper.application; includeInIndex = 0; path = SimpleText.app; sourceTree = BUILT_PRODUCTS_DIR; };
		1FAA913C2979BFE300AA3987 /* AppDelegate.swift */ = {isa = PBXFileReference; lastKnownFileType = sourcecode.swift; path = AppDelegate.swift; sourceTree = "<group>"; };
		1FAA913E2979BFE500AA3987 /* Assets.xcassets */ = {isa = PBXFileReference; lastKnownFileType = folder.assetcatalog; path = Assets.xcassets; sourceTree = "<group>"; };
		1FAA91412979BFE500AA3987 /* Base */ = {isa = PBXFileReference; lastKnownFileType = file.xib; name = Base; path = Base.lproj/MainMenu.xib; sourceTree = "<group>"; };
		1FAA91432979BFE500AA3987 /* SimpleText.entitlements */ = {isa = PBXFileReference; lastKnownFileType = text.plist.entitlements; path = SimpleText.entitlements; sourceTree = "<group>"; };
		1FAA914B2979C3CD00AA3987 /* WindowEditorController.swift */ = {isa = PBXFileReference; lastKnownFileType = sourcecode.swift; path = WindowEditorController.swift; sourceTree = "<group>"; };
		1FAA914C2979C3CD00AA3987 /* WindowEditorController.xib */ = {isa = PBXFileReference; lastKnownFileType = file.xib; path = WindowEditorController.xib; sourceTree = "<group>"; };
		1FFA72D1299C07D3004B7A6F /* STTextView.swift */ = {isa = PBXFileReference; lastKnownFileType = sourcecode.swift; path = STTextView.swift; sourceTree = "<group>"; };
/* End PBXFileReference section */

/* Begin PBXFrameworksBuildPhase section */
		1FAA91362979BFE300AA3987 /* Frameworks */ = {
			isa = PBXFrameworksBuildPhase;
			buildActionMask = 2147483647;
			files = (
			);
			runOnlyForDeploymentPostprocessing = 0;
		};
/* End PBXFrameworksBuildPhase section */

/* Begin PBXGroup section */
		1FAA91302979BFE300AA3987 = {
			isa = PBXGroup;
			children = (
				1FAA913B2979BFE300AA3987 /* SimpleText */,
				1FAA913A2979BFE300AA3987 /* Products */,
			);
			sourceTree = "<group>";
		};
		1FAA913A2979BFE300AA3987 /* Products */ = {
			isa = PBXGroup;
			children = (
				1FAA91392979BFE300AA3987 /* SimpleText.app */,
			);
			name = Products;
			sourceTree = "<group>";
		};
		1FAA913B2979BFE300AA3987 /* SimpleText */ = {
			isa = PBXGroup;
			children = (
				1FFA72D0299C0734004B7A6F /* Windows */,
				1FFA72CF299C0713004B7A6F /* Components */,
				1FAA913C2979BFE300AA3987 /* AppDelegate.swift */,
				1FAA913E2979BFE500AA3987 /* Assets.xcassets */,
				1FAA91432979BFE500AA3987 /* SimpleText.entitlements */,
				1F5B8DB7297F087200098B6D /* Credits.rtf */,
			);
			path = SimpleText;
			sourceTree = "<group>";
		};
		1FFA72CF299C0713004B7A6F /* Components */ = {
			isa = PBXGroup;
			children = (
				1FAA91402979BFE500AA3987 /* MainMenu.xib */,
				1FFA72D1299C07D3004B7A6F /* STTextView.swift */,
			);
			path = Components;
			sourceTree = "<group>";
		};
		1FFA72D0299C0734004B7A6F /* Windows */ = {
			isa = PBXGroup;
			children = (
				1FAA914B2979C3CD00AA3987 /* WindowEditorController.swift */,
				1FAA914C2979C3CD00AA3987 /* WindowEditorController.xib */,
			);
			path = Windows;
			sourceTree = "<group>";
		};
/* End PBXGroup section */

/* Begin PBXNativeTarget section */
		1FAA91382979BFE300AA3987 /* SimpleText */ = {
			isa = PBXNativeTarget;
			buildConfigurationList = 1FAA91462979BFE500AA3987 /* Build configuration list for PBXNativeTarget "SimpleText" */;
			buildPhases = (
				1FAA91352979BFE300AA3987 /* Sources */,
				1FAA91362979BFE300AA3987 /* Frameworks */,
				1FAA91372979BFE300AA3987 /* Resources */,
			);
			buildRules = (
			);
			dependencies = (
			);
			name = SimpleText;
			productName = SimpleText;
			productReference = 1FAA91392979BFE300AA3987 /* SimpleText.app */;
			productType = "com.apple.product-type.application";
		};
/* End PBXNativeTarget section */

/* Begin PBXProject section */
		1FAA91312979BFE300AA3987 /* Project object */ = {
			isa = PBXProject;
			attributes = {
				BuildIndependentTargetsInParallel = 1;
				LastSwiftUpdateCheck = 1420;
				LastUpgradeCheck = 1420;
				TargetAttributes = {
					1FAA91382979BFE300AA3987 = {
						CreatedOnToolsVersion = 14.2;
					};
				};
			};
			buildConfigurationList = 1FAA91342979BFE300AA3987 /* Build configuration list for PBXProject "SimpleText" */;
			compatibilityVersion = "Xcode 14.0";
			developmentRegion = en;
			hasScannedForEncodings = 0;
			knownRegions = (
				en,
				Base,
			);
			mainGroup = 1FAA91302979BFE300AA3987;
			productRefGroup = 1FAA913A2979BFE300AA3987 /* Products */;
			projectDirPath = "";
			projectRoot = "";
			targets = (
				1FAA91382979BFE300AA3987 /* SimpleText */,
			);
		};
/* End PBXProject section */

/* Begin PBXResourcesBuildPhase section */
		1FAA91372979BFE300AA3987 /* Resources */ = {
			isa = PBXResourcesBuildPhase;
			buildActionMask = 2147483647;
			files = (
				1FAA913F2979BFE500AA3987 /* Assets.xcassets in Resources */,
				1FAA91422979BFE500AA3987 /* MainMenu.xib in Resources */,
				1FAA914E2979C3CD00AA3987 /* WindowEditorController.xib in Resources */,
				1F5B8DB8297F087200098B6D /* Credits.rtf in Resources */,
			);
			runOnlyForDeploymentPostprocessing = 0;
		};
/* End PBXResourcesBuildPhase section */

/* Begin PBXSourcesBuildPhase section */
		1FAA91352979BFE300AA3987 /* Sources */ = {
			isa = PBXSourcesBuildPhase;
			buildActionMask = 2147483647;
			files = (
				1FAA914D2979C3CD00AA3987 /* WindowEditorController.swift in Sources */,
				1FFA72D2299C07D3004B7A6F /* STTextView.swift in Sources */,
				1FAA913D2979BFE300AA3987 /* AppDelegate.swift in Sources */,
			);
			runOnlyForDeploymentPostprocessing = 0;
		};
/* End PBXSourcesBuildPhase section */

/* Begin PBXVariantGroup section */
		1FAA91402979BFE500AA3987 /* MainMenu.xib */ = {
			isa = PBXVariantGroup;
			children = (
				1FAA91412979BFE500AA3987 /* Base */,
			);
			name = MainMenu.xib;
			sourceTree = "<group>";
		};
/* End PBXVariantGroup section */

/* Begin XCBuildConfiguration section */
		1FAA91442979BFE500AA3987 /* Debug */ = {
			isa = XCBuildConfiguration;
			buildSettings = {
				ALWAYS_SEARCH_USER_PATHS = NO;
				CLANG_ANALYZER_NONNULL = YES;
				CLANG_ANALYZER_NUMBER_OBJECT_CONVERSION = YES_AGGRESSIVE;
				CLANG_CXX_LANGUAGE_STANDARD = "gnu++20";
				CLANG_ENABLE_MODULES = YES;
				CLANG_ENABLE_OBJC_ARC = YES;
				CLANG_ENABLE_OBJC_WEAK = YES;
				CLANG_WARN_BLOCK_CAPTURE_AUTORELEASING = YES;
				CLANG_WARN_BOOL_CONVERSION = YES;
				CLANG_WARN_COMMA = YES;
				CLANG_WARN_CONSTANT_CONVERSION = YES;
				CLANG_WARN_DEPRECATED_OBJC_IMPLEMENTATIONS = YES;
				CLANG_WARN_DIRECT_OBJC_ISA_USAGE = YES_ERROR;
				CLANG_WARN_DOCUMENTATION_COMMENTS = YES;
				CLANG_WARN_EMPTY_BODY = YES;
				CLANG_WARN_ENUM_CONVERSION = YES;
				CLANG_WARN_INFINITE_RECURSION = YES;
				CLANG_WARN_INT_CONVERSION = YES;
				CLANG_WARN_NON_LITERAL_NULL_CONVERSION = YES;
				CLANG_WARN_OBJC_IMPLICIT_RETAIN_SELF = YES;
				CLANG_WARN_OBJC_LITERAL_CONVERSION = YES;
				CLANG_WARN_OBJC_ROOT_CLASS = YES_ERROR;
				CLANG_WARN_QUOTED_INCLUDE_IN_FRAMEWORK_HEADER = YES;
				CLANG_WARN_RANGE_LOOP_ANALYSIS = YES;
				CLANG_WARN_STRICT_PROTOTYPES = YES;
				CLANG_WARN_SUSPICIOUS_MOVE = YES;
				CLANG_WARN_UNGUARDED_AVAILABILITY = YES_AGGRESSIVE;
				CLANG_WARN_UNREACHABLE_CODE = YES;
				CLANG_WARN__DUPLICATE_METHOD_MATCH = YES;
				COPY_PHASE_STRIP = NO;
				DEBUG_INFORMATION_FORMAT = dwarf;
				ENABLE_STRICT_OBJC_MSGSEND = YES;
				ENABLE_TESTABILITY = YES;
				GCC_C_LANGUAGE_STANDARD = gnu11;
				GCC_DYNAMIC_NO_PIC = NO;
				GCC_NO_COMMON_BLOCKS = YES;
				GCC_OPTIMIZATION_LEVEL = 0;
				GCC_PREPROCESSOR_DEFINITIONS = (
					"DEBUG=1",
					"$(inherited)",
				);
				GCC_WARN_64_TO_32_BIT_CONVERSION = YES;
				GCC_WARN_ABOUT_RETURN_TYPE = YES_ERROR;
				GCC_WARN_UNDECLARED_SELECTOR = YES;
				GCC_WARN_UNINITIALIZED_AUTOS = YES_AGGRESSIVE;
				GCC_WARN_UNUSED_FUNCTION = YES;
				GCC_WARN_UNUSED_VARIABLE = YES;
				MACOSX_DEPLOYMENT_TARGET = 12.6;
				MTL_ENABLE_DEBUG_INFO = INCLUDE_SOURCE;
				MTL_FAST_MATH = YES;
				ONLY_ACTIVE_ARCH = YES;
				SDKROOT = macosx;
				SWIFT_ACTIVE_COMPILATION_CONDITIONS = DEBUG;
				SWIFT_OPTIMIZATION_LEVEL = "-Onone";
			};
			name = Debug;
		};
		1FAA91452979BFE500AA3987 /* Release */ = {
			isa = XCBuildConfiguration;
			buildSettings = {
				ALWAYS_SEARCH_USER_PATHS = NO;
				CLANG_ANALYZER_NONNULL = YES;
				CLANG_ANALYZER_NUMBER_OBJECT_CONVERSION = YES_AGGRESSIVE;
				CLANG_CXX_LANGUAGE_STANDARD = "gnu++20";
				CLANG_ENABLE_MODULES = YES;
				CLANG_ENABLE_OBJC_ARC = YES;
				CLANG_ENABLE_OBJC_WEAK = YES;
				CLANG_WARN_BLOCK_CAPTURE_AUTORELEASING = YES;
				CLANG_WARN_BOOL_CONVERSION = YES;
				CLANG_WARN_COMMA = YES;
				CLANG_WARN_CONSTANT_CONVERSION = YES;
				CLANG_WARN_DEPRECATED_OBJC_IMPLEMENTATIONS = YES;
				CLANG_WARN_DIRECT_OBJC_ISA_USAGE = YES_ERROR;
				CLANG_WARN_DOCUMENTATION_COMMENTS = YES;
				CLANG_WARN_EMPTY_BODY = YES;
				CLANG_WARN_ENUM_CONVERSION = YES;
				CLANG_WARN_INFINITE_RECURSION = YES;
				CLANG_WARN_INT_CONVERSION = YES;
				CLANG_WARN_NON_LITERAL_NULL_CONVERSION = YES;
				CLANG_WARN_OBJC_IMPLICIT_RETAIN_SELF = YES;
				CLANG_WARN_OBJC_LITERAL_CONVERSION = YES;
				CLANG_WARN_OBJC_ROOT_CLASS = YES_ERROR;
				CLANG_WARN_QUOTED_INCLUDE_IN_FRAMEWORK_HEADER = YES;
				CLANG_WARN_RANGE_LOOP_ANALYSIS = YES;
				CLANG_WARN_STRICT_PROTOTYPES = YES;
				CLANG_WARN_SUSPICIOUS_MOVE = YES;
				CLANG_WARN_UNGUARDED_AVAILABILITY = YES_AGGRESSIVE;
				CLANG_WARN_UNREACHABLE_CODE = YES;
				CLANG_WARN__DUPLICATE_METHOD_MATCH = YES;
				COPY_PHASE_STRIP = NO;
				DEBUG_INFORMATION_FORMAT = "dwarf-with-dsym";
				ENABLE_NS_ASSERTIONS = NO;
				ENABLE_STRICT_OBJC_MSGSEND = YES;
				GCC_C_LANGUAGE_STANDARD = gnu11;
				GCC_NO_COMMON_BLOCKS = YES;
				GCC_WARN_64_TO_32_BIT_CONVERSION = YES;
				GCC_WARN_ABOUT_RETURN_TYPE = YES_ERROR;
				GCC_WARN_UNDECLARED_SELECTOR = YES;
				GCC_WARN_UNINITIALIZED_AUTOS = YES_AGGRESSIVE;
				GCC_WARN_UNUSED_FUNCTION = YES;
				GCC_WARN_UNUSED_VARIABLE = YES;
				MACOSX_DEPLOYMENT_TARGET = 12.6;
				MTL_ENABLE_DEBUG_INFO = NO;
				MTL_FAST_MATH = YES;
				SDKROOT = macosx;
				SWIFT_COMPILATION_MODE = wholemodule;
				SWIFT_OPTIMIZATION_LEVEL = "-O";
			};
			name = Release;
		};
		1FAA91472979BFE500AA3987 /* Debug */ = {
			isa = XCBuildConfiguration;
			buildSettings = {
				ASSETCATALOG_COMPILER_APPICON_NAME = AppIcon;
				ASSETCATALOG_COMPILER_GLOBAL_ACCENT_COLOR_NAME = AccentColor;
				ASSETCATALOG_COMPILER_INCLUDE_ALL_APPICON_ASSETS = YES;
				CODE_SIGN_ENTITLEMENTS = SimpleText/SimpleText.entitlements;
				CODE_SIGN_STYLE = Automatic;
				COMBINE_HIDPI_IMAGES = YES;
				GENERATE_INFOPLIST_FILE = YES;
				INFOPLIST_KEY_CFBundleDisplayName = SimpleText;
				INFOPLIST_KEY_LSApplicationCategoryType = "public.app-category.utilities";
				INFOPLIST_KEY_NSHumanReadableCopyright = "";
				INFOPLIST_KEY_NSMainNibFile = MainMenu;
				INFOPLIST_KEY_NSPrincipalClass = NSApplication;
				INFOPLIST_KEY_UILaunchStoryboardName = WindowEditorController.xib;
				LD_RUNPATH_SEARCH_PATHS = (
					"$(inherited)",
					"@executable_path/../Frameworks",
				);
				MACOSX_DEPLOYMENT_TARGET = 10.9;
				MARKETING_VERSION = 1.0.1;
				PRODUCT_BUNDLE_IDENTIFIER = gn3.SimpleText;
				PRODUCT_NAME = "$(TARGET_NAME)";
				SWIFT_EMIT_LOC_STRINGS = YES;
				SWIFT_VERSION = 5.0;
			};
			name = Debug;
		};
		1FAA91482979BFE500AA3987 /* Release */ = {
			isa = XCBuildConfiguration;
			buildSettings = {
				ASSETCATALOG_COMPILER_APPICON_NAME = AppIcon;
				ASSETCATALOG_COMPILER_GLOBAL_ACCENT_COLOR_NAME = AccentColor;
				ASSETCATALOG_COMPILER_INCLUDE_ALL_APPICON_ASSETS = YES;
				CODE_SIGN_ENTITLEMENTS = SimpleText/SimpleText.entitlements;
				CODE_SIGN_STYLE = Automatic;
				COMBINE_HIDPI_IMAGES = YES;
				GENERATE_INFOPLIST_FILE = YES;
				INFOPLIST_KEY_CFBundleDisplayName = SimpleText;
				INFOPLIST_KEY_LSApplicationCategoryType = "public.app-category.utilities";
				INFOPLIST_KEY_NSHumanReadableCopyright = "";
				INFOPLIST_KEY_NSMainNibFile = MainMenu;
				INFOPLIST_KEY_NSPrincipalClass = NSApplication;
				INFOPLIST_KEY_UILaunchStoryboardName = WindowEditorController.xib;
				LD_RUNPATH_SEARCH_PATHS = (
					"$(inherited)",
					"@executable_path/../Frameworks",
				);
				MACOSX_DEPLOYMENT_TARGET = 10.9;
				MARKETING_VERSION = 1.0.1;
				PRODUCT_BUNDLE_IDENTIFIER = gn3.SimpleText;
				PRODUCT_NAME = "$(TARGET_NAME)";
				SWIFT_EMIT_LOC_STRINGS = YES;
				SWIFT_VERSION = 5.0;
			};
			name = Release;
		};
/* End XCBuildConfiguration section */

/* Begin XCConfigurationList section */
		1FAA91342979BFE300AA3987 /* Build configuration list for PBXProject "SimpleText" */ = {
			isa = XCConfigurationList;
			buildConfigurations = (
				1FAA91442979BFE500AA3987 /* Debug */,
				1FAA91452979BFE500AA3987 /* Release */,
			);
			defaultConfigurationIsVisible = 0;
			defaultConfigurationName = Release;
		};
		1FAA91462979BFE500AA3987 /* Build configuration list for PBXNativeTarget "SimpleText" */ = {
			isa = XCConfigurationList;
			buildConfigurations = (
				1FAA91472979BFE500AA3987 /* Debug */,
				1FAA91482979BFE500AA3987 /* Release */,
			);
			defaultConfigurationIsVisible = 0;
			defaultConfigurationName = Release;
		};
/* End XCConfigurationList section */
	};
	rootObject = 1FAA91312979BFE300AA3987 /* Project object */;
}
